{
  "name": "@codecrafters/redis",
  "lockfileVersion": 3,
  "requires": true,
  "packages": {
    "": {
      "name": "@codecrafters/redis",
      "devDependencies": {
        "@types/bun": "latest"
      }
    },
    "node_modules/.pnpm/@types+bun@1.2.2": {
      "extraneous": true
    },
    "node_modules/.pnpm/@types+node@22.13.1": {
      "extraneous": true
    },
    "node_modules/.pnpm/@types+ws@8.5.14": {
      "extraneous": true
    },
    "node_modules/.pnpm/bun-types@1.2.2": {
      "extraneous": true
    },
    "node_modules/.pnpm/undici-types@6.20.0/node_modules/undici-types": {
      "version": "6.20.0",
      "extraneous": true,
      "license": "MIT"
    },
    "node_modules/@types/bun": {
      "version": "1.2.6",
      "resolved": "https://registry.npmjs.org/@types/bun/-/bun-1.2.6.tgz",
      "integrity": "sha512-fY9CAmTdJH1Llx7rugB0FpgWK2RKuHCs3g2cFDYXUutIy1QGiPQxKkGY8owhfZ4MXWNfxwIbQLChgH5gDsY7vw==",
      "dev": true,
      "license": "MIT",
      "dependencies": {
        "bun-types": "1.2.6"
      }
    },
    "node_modules/@types/node": {
      "version": "22.13.14",
      "resolved": "https://registry.npmjs.org/@types/node/-/node-22.13.14.tgz",
      "integrity": "sha512-Zs/Ollc1SJ8nKUAgc7ivOEdIBM8JAKgrqqUYi2J997JuKO7/tpQC+WCetQ1sypiKCQWHdvdg9wBNpUPEWZae7w==",
      "dev": true,
      "license": "MIT",
      "dependencies": {
        "undici-types": "~6.20.0"
      }
    },
    "node_modules/@types/ws": {
      "version": "8.5.14",
      "resolved": "https://registry.npmjs.org/@types/ws/-/ws-8.5.14.tgz",
      "integrity": "sha512-bd/YFLW+URhBzMXurx7lWByOu+xzU9+kb3RboOteXYDfW+tr+JZa99OyNmPINEGB/ahzKrEuc8rcv4gnpJmxTw==",
      "dev": true,
      "license": "MIT",
      "dependencies": {
        "@types/node": "*"
      }
    },
    "node_modules/bun-types": {
      "version": "1.2.6",
      "resolved": "https://registry.npmjs.org/bun-types/-/bun-types-1.2.6.tgz",
      "integrity": "sha512-FbCKyr5KDiPULUzN/nm5oqQs9nXCHD8dVc64BArxJadCvbNzAI6lUWGh9fSJZWeDIRD38ikceBU8Kj/Uh+53oQ==",
      "dev": true,
      "license": "MIT",
      "dependencies": {
        "@types/node": "*",
        "@types/ws": "~8.5.10"
      }
    },
    "node_modules/undici-types": {
      "version": "6.20.0",
      "resolved": "https://registry.npmjs.org/undici-types/-/undici-types-6.20.0.tgz",
      "integrity": "sha512-Ny6QZ2Nju20vw1SRHe3d9jVu6gJ+4e3+MMpqu7pqE5HT6WsTSlce++GQmK5UXS8mzV8DSYHrQH+Xrf2jVcuKNg==",
      "dev": true,
      "license": "MIT"
    }
  }
}
